// !$*UTF8*$!
{
	archiveVersion = 1;
	classes = {
	};
	objectVersion = 77;
	objects = {

/* Begin PBXFileReference section */
		A1000000000000000000A001 /* RelationshipSaver.app */ = {isa = PBXFileReference; explicitFileType = wrapper.application; includeInIndex = 0; path = RelationshipSaver.app; sourceTree = BUILT_PRODUCTS_DIR; };
		A1000000000000000000A002 /* RelationshipSaverTests.xctest */ = {isa = PBXFileReference; explicitFileType = wrapper.cfbundle; includeInIndex = 0; path = RelationshipSaverTests.xctest; sourceTree = BUILT_PRODUCTS_DIR; };
/* End PBXFileReference section */

/* Begin PBXFileSystemSynchronizedRootGroup section */
		A1000000000000000000B001 /* RelationshipSaver */ = {
			isa = PBXFileSystemSynchronizedRootGroup;
			path = RelationshipSaver;
			sourceTree = "<group>";
		};
		A1000000000000000000B002 /* RelationshipSaverTests */ = {
			isa = PBXFileSystemSynchronizedRootGroup;
			path = RelationshipSaverTests;
			sourceTree = "<group>";
		};
/* End PBXFileSystemSynchronizedRootGroup section */

/* Begin PBXFrameworksBuildPhase section */
		A1000000000000000000C001 /* Frameworks */ = {
			isa = PBXFrameworksBuildPhase;
			buildActionMask = 2147483647;
			files = (
			);
			runOnlyForDeploymentPostprocessing = 0;
		};
		A1000000000000000000C002 /* Frameworks */ = {
			isa = PBXFrameworksBuildPhase;
			buildActionMask = 2147483647;
			files = (
			);
			runOnlyForDeploymentPostprocessing = 0;
		};
/* End PBXFrameworksBuildPhase section */

/* Begin PBXGroup section */
		A1000000000000000000D001 = {
			isa = PBXGroup;
			children = (
				A1000000000000000000B001 /* RelationshipSaver */,
				A1000000000000000000B002 /* RelationshipSaverTests */,
				A1000000000000000000D002 /* Products */,
			);
			sourceTree = "<group>";
		};
		A1000000000000000000D002 /* Products */ = {
			isa = PBXGroup;
			children = (
				A1000000000000000000A001 /* RelationshipSaver.app */,
				A1000000000000000000A002 /* RelationshipSaverTests.xctest */,
			);
			name = Products;
			sourceTree = "<group>";
		};
/* End PBXGroup section */

/* Begin PBXNativeTarget section */
		A1000000000000000000E001 /* RelationshipSaver */ = {
			isa = PBXNativeTarget;
			buildConfigurationList = A1000000000000000000F001 /* Build configuration list for PBXNativeTarget "RelationshipSaver" */;
			buildPhases = (
				A1000000000000000000C101 /* Sources */,
				A1000000000000000000C001 /* Frameworks */,
				A1000000000000000000C201 /* Resources */,
			);
			buildRules = (
			);
			dependencies = (
			);
			fileSystemSynchronizedGroups = (
				A1000000000000000000B001 /* RelationshipSaver */,
			);
			name = RelationshipSaver;
			productName = RelationshipSaver;
			productReference = A1000000000000000000A001 /* RelationshipSaver.app */;
			productType = "com.apple.product-type.application";
		};
		A1000000000000000000E002 /* RelationshipSaverTests */ = {
			isa = PBXNativeTarget;
			buildConfigurationList = A1000000000000000000F002 /* Build configuration list for PBXNativeTarget "RelationshipSaverTests" */;
			buildPhases = (
				A1000000000000000000C102 /* Sources */,
				A1000000000000000000C002 /* Frameworks */,
				A1000000000000000000C202 /* Resources */,
			);
			buildRules = (
			);
			dependencies = (
				A1000000000000000000E102 /* PBXTargetDependency */,
			);
			fileSystemSynchronizedGroups = (
				A1000000000000000000B002 /* RelationshipSaverTests */,
			);
			name = RelationshipSaverTests;
			productName = RelationshipSaverTests;
			productReference = A1000000000000000000A002 /* RelationshipSaverTests.xctest */;
			productType = "com.apple.product-type.bundle.unit-test";
		};
/* End PBXNativeTarget section */

/* Begin PBXProject section */
		A1000000000000000000E000 /* Project object */ = {
			isa = PBXProject;
			attributes = {
				BuildIndependentTargetsInParallel = 1;
				LastSwiftUpdateCheck = 1600;
				LastUpgradeCheck = 1600;
				TargetAttributes = {
					A1000000000000000000E001 = {
						CreatedOnToolsVersion = 16.0;
					};
					A1000000000000000000E002 = {
						CreatedOnToolsVersion = 16.0;
						TestTargetID = A1000000000000000000E001;
					};
				};
			};
			buildConfigurationList = A1000000000000000000F000 /* Build configuration list for PBXProject "RelationshipSaver" */;
			developmentRegion = en;
			hasScannedForEncodings = 0;
			knownRegions = (
				en,
				Base,
			);
			mainGroup = A1000000000000000000D001;
			minimizedProjectReferenceProxies = 1;
			preferredProjectObjectVersion = 77;
			productRefGroup = A1000000000000000000D002 /* Products */;
			projectDirPath = "";
			projectRoot = "";
			targets = (
				A1000000000000000000E001 /* RelationshipSaver */,
				A1000000000000000000E002 /* RelationshipSaverTests */,
			);
		};
/* End PBXProject section */

/* Begin PBXResourcesBuildPhase section */
		A1000000000000000000C201 /* Resources */ = {
			isa = PBXResourcesBuildPhase;
			buildActionMask = 2147483647;
			files = (
			);
			runOnlyForDeploymentPostprocessing = 0;
		};
		A1000000000000000000C202 /* Resources */ = {
			isa = PBXResourcesBuildPhase;
			buildActionMask = 2147483647;
			files = (
			);
			runOnlyForDeploymentPostprocessing = 0;
		};
/* End PBXResourcesBuildPhase section */

/* Begin PBXSourcesBuildPhase section */
		A1000000000000000000C101 /* Sources */ = {
			isa = PBXSourcesBuildPhase;
			buildActionMask = 2147483647;
			files = (
			);
			runOnlyForDeploymentPostprocessing = 0;
		};
		A1000000000000000000C102 /* Sources */ = {
			isa = PBXSourcesBuildPhase;
			buildActionMask = 2147483647;
			files = (
			);
			runOnlyForDeploymentPostprocessing = 0;
		};
/* End PBXSourcesBuildPhase section */

/* Begin PBXTargetDependency section */
		A1000000000000000000E102 /* PBXTargetDependency */ = {
			isa = PBXTargetDependency;
			target = A1000000000000000000E001 /* RelationshipSaver */;
			targetProxy = A1000000000000000000E103 /* PBXContainerItemProxy */;
		};
/* End PBXTargetDependency section */

/* Begin PBXContainerItemProxy section */
		A1000000000000000000E103 /* PBXContainerItemProxy */ = {
			isa = PBXContainerItemProxy;
			containerPortal = A1000000000000000000E000 /* Project object */;
			proxyType = 1;
			remoteGlobalIDString = A1000000000000000000E001;
			remoteInfo = RelationshipSaver;
		};
/* End PBXContainerItemProxy section */

/* Begin XCBuildConfiguration section */
		A1000000000000000000F100 /* Debug */ = {
			isa = XCBuildConfiguration;
			buildSettings = {
				ALWAYS_SEARCH_USER_PATHS = NO;
				CLANG_ENABLE_MODULES = YES;
				CLANG_ENABLE_OBJC_ARC = YES;
				COPY_PHASE_STRIP = NO;
				DEBUG_INFORMATION_FORMAT = dwarf;
				ENABLE_STRICT_OBJC_MSGSEND = YES;
				ENABLE_TESTABILITY = YES;
				GCC_C_LANGUAGE_STANDARD = gnu17;
				GCC_OPTIMIZATION_LEVEL = 0;
				GCC_PREPROCESSOR_DEFINITIONS = (
					"DEBUG=1",
					"$(inherited)",
				);
				IPHONEOS_DEPLOYMENT_TARGET = 17.0;
				MTL_ENABLE_DEBUG_INFO = INCLUDE_SOURCE;
				ONLY_ACTIVE_ARCH = YES;
				SDKROOT = iphoneos;
				SWIFT_ACTIVE_COMPILATION_CONDITIONS = "DEBUG $(inherited)";
				SWIFT_OPTIMIZATION_LEVEL = "-Onone";
				SWIFT_VERSION = 5.0;
			};
			name = Debug;
		};
		A1000000000000000000F101 /* Release */ = {
			isa = XCBuildConfiguration;
			buildSettings = {
				ALWAYS_SEARCH_USER_PATHS = NO;
				CLANG_ENABLE_MODULES = YES;
				CLANG_ENABLE_OBJC_ARC = YES;
				COPY_PHASE_STRIP = NO;
				DEBUG_INFORMATION_FORMAT = "dwarf-with-dsym";
				ENABLE_NS_ASSERTIONS = NO;
				ENABLE_STRICT_OBJC_MSGSEND = YES;
				GCC_C_LANGUAGE_STANDARD = gnu17;
				IPHONEOS_DEPLOYMENT_TARGET = 17.0;
				MTL_ENABLE_DEBUG_INFO = NO;
				SDKROOT = iphoneos;
				SWIFT_COMPILATION_MODE = wholemodule;
				SWIFT_VERSION = 5.0;
				VALIDATE_PRODUCT = YES;
			};
			name = Release;
		};
		A1000000000000000000F200 /* Debug */ = {
			isa = XCBuildConfiguration;
			buildSettings = {
				ASSETCATALOG_COMPILER_APPICON_NAME = AppIcon;
				ASSETCATALOG_COMPILER_GLOBAL_ACCENT_COLOR_NAME = AccentColor;
				CODE_SIGN_STYLE = Automatic;
				CURRENT_PROJECT_VERSION = 1;
				GENERATE_INFOPLIST_FILE = YES;
				INFOPLIST_KEY_UIApplicationSceneManifest_Generation = YES;
				INFOPLIST_KEY_UILaunchScreen_Generation = YES;
				INFOPLIST_KEY_UISupportedInterfaceOrientations = UIInterfaceOrientationPortrait;
				LD_RUNPATH_SEARCH_PATHS = (
					"$(inherited)",
					"@executable_path/Frameworks",
				);
				MARKETING_VERSION = 1.0;
				PRODUCT_BUNDLE_IDENTIFIER = com.relationshipsaver.app;
				PRODUCT_NAME = "$(TARGET_NAME)";
				SWIFT_EMIT_LOC_STRINGS = YES;
				TARGETED_DEVICE_FAMILY = 1;
			};
			name = Debug;
		};
		A1000000000000000000F201 /* Release */ = {
			isa = XCBuildConfiguration;
			buildSettings = {
				ASSETCATALOG_COMPILER_APPICON_NAME = AppIcon;
				ASSETCATALOG_COMPILER_GLOBAL_ACCENT_COLOR_NAME = AccentColor;
				CODE_SIGN_STYLE = Automatic;
				CURRENT_PROJECT_VERSION = 1;
				GENERATE_INFOPLIST_FILE = YES;
				INFOPLIST_KEY_UIApplicationSceneManifest_Generation = YES;
				INFOPLIST_KEY_UILaunchScreen_Generation = YES;
				INFOPLIST_KEY_UISupportedInterfaceOrientations = UIInterfaceOrientationPortrait;
				LD_RUNPATH_SEARCH_PATHS = (
					"$(inherited)",
					"@executable_path/Frameworks",
				);
				MARKETING_VERSION = 1.0;
				PRODUCT_BUNDLE_IDENTIFIER = com.relationshipsaver.app;
				PRODUCT_NAME = "$(TARGET_NAME)";
				SWIFT_EMIT_LOC_STRINGS = YES;
				TARGETED_DEVICE_FAMILY = 1;
			};
			name = Release;
		};
		A1000000000000000000F300 /* Debug */ = {
			isa = XCBuildConfiguration;
			buildSettings = {
				BUNDLE_LOADER = "$(TEST_HOST)";
				CODE_SIGN_STYLE = Automatic;
				CURRENT_PROJECT_VERSION = 1;
				GENERATE_INFOPLIST_FILE = YES;
				MARKETING_VERSION = 1.0;
				PRODUCT_BUNDLE_IDENTIFIER = com.relationshipsaver.app.tests;
				PRODUCT_NAME = "$(TARGET_NAME)";
				SWIFT_EMIT_LOC_STRINGS = NO;
				TARGETED_DEVICE_FAMILY = 1;
				TEST_HOST = "$(BUILT_PRODUCTS_DIR)/RelationshipSaver.app/$(BUNDLE_EXECUTABLE_FOLDER_PATH)/RelationshipSaver";
			};
			name = Debug;
		};
		A1000000000000000000F301 /* Release */ = {
			isa = XCBuildConfiguration;
			buildSettings = {
				BUNDLE_LOADER = "$(TEST_HOST)";
				CODE_SIGN_STYLE = Automatic;
				CURRENT_PROJECT_VERSION = 1;
				GENERATE_INFOPLIST_FILE = YES;
				MARKETING_VERSION = 1.0;
				PRODUCT_BUNDLE_IDENTIFIER = com.relationshipsaver.app.tests;
				PRODUCT_NAME = "$(TARGET_NAME)";
				SWIFT_EMIT_LOC_STRINGS = NO;
				TARGETED_DEVICE_FAMILY = 1;
				TEST_HOST = "$(BUILT_PRODUCTS_DIR)/RelationshipSaver.app/$(BUNDLE_EXECUTABLE_FOLDER_PATH)/RelationshipSaver";
			};
			name = Release;
		};
/* End XCBuildConfiguration section */

/* Begin XCConfigurationList section */
		A1000000000000000000F000 /* Build configuration list for PBXProject "RelationshipSaver" */ = {
			isa = XCConfigurationList;
			buildConfigurations = (
				A1000000000000000000F100 /* Debug */,
				A1000000000000000000F101 /* Release */,
			);
			defaultConfigurationIsVisible = 0;
			defaultConfigurationName = Release;
		};
		A1000000000000000000F001 /* Build configuration list for PBXNativeTarget "RelationshipSaver" */ = {
			isa = XCConfigurationList;
			buildConfigurations = (
				A1000000000000000000F200 /* Debug */,
				A1000000000000000000F201 /* Release */,
			);
			defaultConfigurationIsVisible = 0;
			defaultConfigurationName = Release;
		};
		A1000000000000000000F002 /* Build configuration list for PBXNativeTarget "RelationshipSaverTests" */ = {
			isa = XCConfigurationList;
			buildConfigurations = (
				A1000000000000000000F300 /* Debug */,
				A1000000000000000000F301 /* Release */,
			);
			defaultConfigurationIsVisible = 0;
			defaultConfigurationName = Release;
		};
/* End XCConfigurationList section */
	};
	rootObject = A1000000000000000000E000 /* Project object */;
}
